// !$*UTF8*$!
{
	archiveVersion = 1;
	classes = {
	};
	objectVersion = 56;
	objects = {

/* Begin PBXBuildFile section */
		52D602D92B5D80DD006A6BE6 /* AppDelegate.swift in Sources */ = {isa = PBXBuildFile; fileRef = 52D602D82B5D80DD006A6BE6 /* AppDelegate.swift */; };
		52D602DB2B5D80DD006A6BE6 /* SceneDelegate.swift in Sources */ = {isa = PBXBuildFile; fileRef = 52D602DA2B5D80DD006A6BE6 /* SceneDelegate.swift */; };
		52D602E02B5D80DD006A6BE6 /* Main.storyboard in Resources */ = {isa = PBXBuildFile; fileRef = 52D602DE2B5D80DD006A6BE6 /* Main.storyboard */; };
		52D602E22B5D80DE006A6BE6 /* Assets.xcassets in Resources */ = {isa = PBXBuildFile; fileRef = 52D602E12B5D80DE006A6BE6 /* Assets.xcassets */; };
		52D602E52B5D80DE006A6BE6 /* LaunchScreen.storyboard in Resources */ = {isa = PBXBuildFile; fileRef = 52D602E32B5D80DE006A6BE6 /* LaunchScreen.storyboard */; };
		52D602F02B5D80DF006A6BE6 /* MoviePresenterTests.swift in Sources */ = {isa = PBXBuildFile; fileRef = 52D602EF2B5D80DF006A6BE6 /* MoviePresenterTests.swift */; };
		52D602FA2B5D80DF006A6BE6 /* BambuserTestUITests.swift in Sources */ = {isa = PBXBuildFile; fileRef = 52D602F92B5D80DF006A6BE6 /* BambuserTestUITests.swift */; };
		52D602FC2B5D80DF006A6BE6 /* BambuserTestUITestsLaunchTests.swift in Sources */ = {isa = PBXBuildFile; fileRef = 52D602FB2B5D80DF006A6BE6 /* BambuserTestUITestsLaunchTests.swift */; };
		52D603092B5D8B0F006A6BE6 /* Movie.swift in Sources */ = {isa = PBXBuildFile; fileRef = 52D603082B5D8B0F006A6BE6 /* Movie.swift */; };
		52D6030B2B5D8F15006A6BE6 /* Popular.swift in Sources */ = {isa = PBXBuildFile; fileRef = 52D6030A2B5D8F15006A6BE6 /* Popular.swift */; };
		52D6030D2B5D925D006A6BE6 /* MovieService.swift in Sources */ = {isa = PBXBuildFile; fileRef = 52D6030C2B5D925D006A6BE6 /* MovieService.swift */; };
		52D6030F2B5DA90A006A6BE6 /* MovieTableViewController.swift in Sources */ = {isa = PBXBuildFile; fileRef = 52D6030E2B5DA90A006A6BE6 /* MovieTableViewController.swift */; };
		52D603112B5DA95F006A6BE6 /* MovieDetailViewController.swift in Sources */ = {isa = PBXBuildFile; fileRef = 52D603102B5DA95F006A6BE6 /* MovieDetailViewController.swift */; };
		52D603132B5DA988006A6BE6 /* MoviePresenter.swift in Sources */ = {isa = PBXBuildFile; fileRef = 52D603122B5DA988006A6BE6 /* MoviePresenter.swift */; };
		52D603142B5DA988006A6BE6 /* MoviePresenter.swift in Sources */ = {isa = PBXBuildFile; fileRef = 52D603122B5DA988006A6BE6 /* MoviePresenter.swift */; };
		52D603162B5DAA96006A6BE6 /* MovieAPIService.swift in Sources */ = {isa = PBXBuildFile; fileRef = 52D603152B5DAA96006A6BE6 /* MovieAPIService.swift */; };
		52D603172B5DAA96006A6BE6 /* MovieAPIService.swift in Sources */ = {isa = PBXBuildFile; fileRef = 52D603152B5DAA96006A6BE6 /* MovieAPIService.swift */; };
		52D603192B5DB6A5006A6BE6 /* MovieTableViewCell.swift in Sources */ = {isa = PBXBuildFile; fileRef = 52D603182B5DB6A5006A6BE6 /* MovieTableViewCell.swift */; };
		52D6031B2B5ECB22006A6BE6 /* UIImageView+loadImage.swift in Sources */ = {isa = PBXBuildFile; fileRef = 52D6031A2B5ECB22006A6BE6 /* UIImageView+loadImage.swift */; };
		52D6031D2B5EDAC7006A6BE6 /* ConstantsAndUtilityFunctions.swift in Sources */ = {isa = PBXBuildFile; fileRef = 52D6031C2B5EDAC7006A6BE6 /* ConstantsAndUtilityFunctions.swift */; };
		52D6031F2B5EF38F006A6BE6 /* MockMovieService.swift in Sources */ = {isa = PBXBuildFile; fileRef = 52D6031E2B5EF38F006A6BE6 /* MockMovieService.swift */; };
		52D603202B5EF3F1006A6BE6 /* Popular.swift in Sources */ = {isa = PBXBuildFile; fileRef = 52D6030A2B5D8F15006A6BE6 /* Popular.swift */; };
		52D603212B5EF6C1006A6BE6 /* Movie.swift in Sources */ = {isa = PBXBuildFile; fileRef = 52D603082B5D8B0F006A6BE6 /* Movie.swift */; };
		52D603222B5EFA7F006A6BE6 /* MovieService.swift in Sources */ = {isa = PBXBuildFile; fileRef = 52D6030C2B5D925D006A6BE6 /* MovieService.swift */; };
		52D603232B5EFAE3006A6BE6 /* ConstantsAndUtilityFunctions.swift in Sources */ = {isa = PBXBuildFile; fileRef = 52D6031C2B5EDAC7006A6BE6 /* ConstantsAndUtilityFunctions.swift */; };
		52D603252B5F0533006A6BE6 /* UIImageView+loadImage.swift in Sources */ = {isa = PBXBuildFile; fileRef = 52D6031A2B5ECB22006A6BE6 /* UIImageView+loadImage.swift */; };
		52D6032A2B5FBD15006A6BE6 /* BaseViewController.swift in Sources */ = {isa = PBXBuildFile; fileRef = 52D603292B5FBD15006A6BE6 /* BaseViewController.swift */; };
/* End PBXBuildFile section */

/* Begin PBXContainerItemProxy section */
		52D602EC2B5D80DF006A6BE6 /* PBXContainerItemProxy */ = {
			isa = PBXContainerItemProxy;
			containerPortal = 52D602CD2B5D80DD006A6BE6 /* Project object */;
			proxyType = 1;
			remoteGlobalIDString = 52D602D42B5D80DD006A6BE6;
			remoteInfo = BambuserTest;
		};
		52D602F62B5D80DF006A6BE6 /* PBXContainerItemProxy */ = {
			isa = PBXContainerItemProxy;
			containerPortal = 52D602CD2B5D80DD006A6BE6 /* Project object */;
			proxyType = 1;
			remoteGlobalIDString = 52D602D42B5D80DD006A6BE6;
			remoteInfo = BambuserTest;
		};
/* End PBXContainerItemProxy section */

/* Begin PBXFileReference section */
		52D602D52B5D80DD006A6BE6 /* BambuserTest.app */ = {isa = PBXFileReference; explicitFileType = wrapper.application; includeInIndex = 0; path = BambuserTest.app; sourceTree = BUILT_PRODUCTS_DIR; };
		52D602D82B5D80DD006A6BE6 /* AppDelegate.swift */ = {isa = PBXFileReference; lastKnownFileType = sourcecode.swift; path = AppDelegate.swift; sourceTree = "<group>"; };
		52D602DA2B5D80DD006A6BE6 /* SceneDelegate.swift */ = {isa = PBXFileReference; lastKnownFileType = sourcecode.swift; path = SceneDelegate.swift; sourceTree = "<group>"; };
		52D602DF2B5D80DD006A6BE6 /* Base */ = {isa = PBXFileReference; lastKnownFileType = file.storyboard; name = Base; path = Base.lproj/Main.storyboard; sourceTree = "<group>"; };
		52D602E12B5D80DE006A6BE6 /* Assets.xcassets */ = {isa = PBXFileReference; lastKnownFileType = folder.assetcatalog; path = Assets.xcassets; sourceTree = "<group>"; };
		52D602E42B5D80DE006A6BE6 /* Base */ = {isa = PBXFileReference; lastKnownFileType = file.storyboard; name = Base; path = Base.lproj/LaunchScreen.storyboard; sourceTree = "<group>"; };
		52D602E62B5D80DE006A6BE6 /* Info.plist */ = {isa = PBXFileReference; lastKnownFileType = text.plist.xml; path = Info.plist; sourceTree = "<group>"; };
		52D602EB2B5D80DF006A6BE6 /* BambuserTestTests.xctest */ = {isa = PBXFileReference; explicitFileType = wrapper.cfbundle; includeInIndex = 0; path = BambuserTestTests.xctest; sourceTree = BUILT_PRODUCTS_DIR; };
		52D602EF2B5D80DF006A6BE6 /* MoviePresenterTests.swift */ = {isa = PBXFileReference; lastKnownFileType = sourcecode.swift; path = MoviePresenterTests.swift; sourceTree = "<group>"; };
		52D602F52B5D80DF006A6BE6 /* BambuserTestUITests.xctest */ = {isa = PBXFileReference; explicitFileType = wrapper.cfbundle; includeInIndex = 0; path = BambuserTestUITests.xctest; sourceTree = BUILT_PRODUCTS_DIR; };
		52D602F92B5D80DF006A6BE6 /* BambuserTestUITests.swift */ = {isa = PBXFileReference; lastKnownFileType = sourcecode.swift; path = BambuserTestUITests.swift; sourceTree = "<group>"; };
		52D602FB2B5D80DF006A6BE6 /* BambuserTestUITestsLaunchTests.swift */ = {isa = PBXFileReference; lastKnownFileType = sourcecode.swift; path = BambuserTestUITestsLaunchTests.swift; sourceTree = "<group>"; };
		52D603082B5D8B0F006A6BE6 /* Movie.swift */ = {isa = PBXFileReference; lastKnownFileType = sourcecode.swift; path = Movie.swift; sourceTree = "<group>"; };
		52D6030A2B5D8F15006A6BE6 /* Popular.swift */ = {isa = PBXFileReference; lastKnownFileType = sourcecode.swift; path = Popular.swift; sourceTree = "<group>"; };
		52D6030C2B5D925D006A6BE6 /* MovieService.swift */ = {isa = PBXFileReference; lastKnownFileType = sourcecode.swift; path = MovieService.swift; sourceTree = "<group>"; };
		52D6030E2B5DA90A006A6BE6 /* MovieTableViewController.swift */ = {isa = PBXFileReference; lastKnownFileType = sourcecode.swift; path = MovieTableViewController.swift; sourceTree = "<group>"; };
		52D603102B5DA95F006A6BE6 /* MovieDetailViewController.swift */ = {isa = PBXFileReference; lastKnownFileType = sourcecode.swift; path = MovieDetailViewController.swift; sourceTree = "<group>"; };
		52D603122B5DA988006A6BE6 /* MoviePresenter.swift */ = {isa = PBXFileReference; lastKnownFileType = sourcecode.swift; path = MoviePresenter.swift; sourceTree = "<group>"; };
		52D603152B5DAA96006A6BE6 /* MovieAPIService.swift */ = {isa = PBXFileReference; lastKnownFileType = sourcecode.swift; path = MovieAPIService.swift; sourceTree = "<group>"; };
		52D603182B5DB6A5006A6BE6 /* MovieTableViewCell.swift */ = {isa = PBXFileReference; lastKnownFileType = sourcecode.swift; path = MovieTableViewCell.swift; sourceTree = "<group>"; };
		52D6031A2B5ECB22006A6BE6 /* UIImageView+loadImage.swift */ = {isa = PBXFileReference; fileEncoding = 4; lastKnownFileType = sourcecode.swift; path = "UIImageView+loadImage.swift"; sourceTree = "<group>"; };
		52D6031C2B5EDAC7006A6BE6 /* ConstantsAndUtilityFunctions.swift */ = {isa = PBXFileReference; lastKnownFileType = sourcecode.swift; path = ConstantsAndUtilityFunctions.swift; sourceTree = "<group>"; };
		52D6031E2B5EF38F006A6BE6 /* MockMovieService.swift */ = {isa = PBXFileReference; lastKnownFileType = sourcecode.swift; path = MockMovieService.swift; sourceTree = "<group>"; };
		52D603292B5FBD15006A6BE6 /* BaseViewController.swift */ = {isa = PBXFileReference; lastKnownFileType = sourcecode.swift; path = BaseViewController.swift; sourceTree = "<group>"; };
/* End PBXFileReference section */

/* Begin PBXFrameworksBuildPhase section */
		52D602D22B5D80DD006A6BE6 /* Frameworks */ = {
			isa = PBXFrameworksBuildPhase;
			buildActionMask = 2147483647;
			files = (
			);
			runOnlyForDeploymentPostprocessing = 0;
		};
		52D602E82B5D80DF006A6BE6 /* Frameworks */ = {
			isa = PBXFrameworksBuildPhase;
			buildActionMask = 2147483647;
			files = (
			);
			runOnlyForDeploymentPostprocessing = 0;
		};
		52D602F22B5D80DF006A6BE6 /* Frameworks */ = {
			isa = PBXFrameworksBuildPhase;
			buildActionMask = 2147483647;
			files = (
			);
			runOnlyForDeploymentPostprocessing = 0;
		};
/* End PBXFrameworksBuildPhase section */

/* Begin PBXGroup section */
		52D602CC2B5D80DD006A6BE6 = {
			isa = PBXGroup;
			children = (
				52D602D72B5D80DD006A6BE6 /* BambuserTest */,
				52D602EE2B5D80DF006A6BE6 /* BambuserTestTests */,
				52D602F82B5D80DF006A6BE6 /* BambuserTestUITests */,
				52D602D62B5D80DD006A6BE6 /* Products */,
			);
			sourceTree = "<group>";
		};
		52D602D62B5D80DD006A6BE6 /* Products */ = {
			isa = PBXGroup;
			children = (
				52D602D52B5D80DD006A6BE6 /* BambuserTest.app */,
				52D602EB2B5D80DF006A6BE6 /* BambuserTestTests.xctest */,
				52D602F52B5D80DF006A6BE6 /* BambuserTestUITests.xctest */,
			);
			name = Products;
			sourceTree = "<group>";
		};
		52D602D72B5D80DD006A6BE6 /* BambuserTest */ = {
			isa = PBXGroup;
			children = (
				52D603282B5F057F006A6BE6 /* Connectivity */,
				52D603262B5F0544006A6BE6 /* Models */,
				52D603242B5F0523006A6BE6 /* Utilities */,
				52D603272B5F055D006A6BE6 /* Views */,
				52D602D82B5D80DD006A6BE6 /* AppDelegate.swift */,
				52D602E12B5D80DE006A6BE6 /* Assets.xcassets */,
				52D602E62B5D80DE006A6BE6 /* Info.plist */,
				52D602E32B5D80DE006A6BE6 /* LaunchScreen.storyboard */,
				52D602DE2B5D80DD006A6BE6 /* Main.storyboard */,
				52D602DA2B5D80DD006A6BE6 /* SceneDelegate.swift */,
			);
			path = BambuserTest;
			sourceTree = "<group>";
		};
		52D602EE2B5D80DF006A6BE6 /* BambuserTestTests */ = {
			isa = PBXGroup;
			children = (
				52D6031E2B5EF38F006A6BE6 /* MockMovieService.swift */,
				52D602EF2B5D80DF006A6BE6 /* MoviePresenterTests.swift */,
			);
			path = BambuserTestTests;
			sourceTree = "<group>";
		};
		52D602F82B5D80DF006A6BE6 /* BambuserTestUITests */ = {
			isa = PBXGroup;
			children = (
				52D602F92B5D80DF006A6BE6 /* BambuserTestUITests.swift */,
				52D602FB2B5D80DF006A6BE6 /* BambuserTestUITestsLaunchTests.swift */,
			);
			path = BambuserTestUITests;
			sourceTree = "<group>";
		};
		52D603242B5F0523006A6BE6 /* Utilities */ = {
			isa = PBXGroup;
			children = (
				52D6031C2B5EDAC7006A6BE6 /* ConstantsAndUtilityFunctions.swift */,
				52D6031A2B5ECB22006A6BE6 /* UIImageView+loadImage.swift */,
			);
			path = Utilities;
			sourceTree = "<group>";
		};
		52D603262B5F0544006A6BE6 /* Models */ = {
			isa = PBXGroup;
			children = (
				52D603082B5D8B0F006A6BE6 /* Movie.swift */,
				52D6030A2B5D8F15006A6BE6 /* Popular.swift */,
			);
			path = Models;
			sourceTree = "<group>";
		};
		52D603272B5F055D006A6BE6 /* Views */ = {
			isa = PBXGroup;
			children = (
				52D603292B5FBD15006A6BE6 /* BaseViewController.swift */,
				52D603102B5DA95F006A6BE6 /* MovieDetailViewController.swift */,
				52D603182B5DB6A5006A6BE6 /* MovieTableViewCell.swift */,
				52D6030E2B5DA90A006A6BE6 /* MovieTableViewController.swift */,
			);
			path = Views;
			sourceTree = "<group>";
		};
		52D603282B5F057F006A6BE6 /* Connectivity */ = {
			isa = PBXGroup;
			children = (
				52D603152B5DAA96006A6BE6 /* MovieAPIService.swift */,
				52D603122B5DA988006A6BE6 /* MoviePresenter.swift */,
				52D6030C2B5D925D006A6BE6 /* MovieService.swift */,
			);
			path = Connectivity;
			sourceTree = "<group>";
		};
/* End PBXGroup section */

/* Begin PBXNativeTarget section */
		52D602D42B5D80DD006A6BE6 /* BambuserTest */ = {
			isa = PBXNativeTarget;
			buildConfigurationList = 52D602FF2B5D80DF006A6BE6 /* Build configuration list for PBXNativeTarget "BambuserTest" */;
			buildPhases = (
				52D602D12B5D80DD006A6BE6 /* Sources */,
				52D602D22B5D80DD006A6BE6 /* Frameworks */,
				52D602D32B5D80DD006A6BE6 /* Resources */,
			);
			buildRules = (
			);
			dependencies = (
			);
			name = BambuserTest;
			productName = BambuserTest;
			productReference = 52D602D52B5D80DD006A6BE6 /* BambuserTest.app */;
			productType = "com.apple.product-type.application";
		};
		52D602EA2B5D80DF006A6BE6 /* BambuserTestTests */ = {
			isa = PBXNativeTarget;
			buildConfigurationList = 52D603022B5D80DF006A6BE6 /* Build configuration list for PBXNativeTarget "BambuserTestTests" */;
			buildPhases = (
				52D602E72B5D80DF006A6BE6 /* Sources */,
				52D602E82B5D80DF006A6BE6 /* Frameworks */,
				52D602E92B5D80DF006A6BE6 /* Resources */,
			);
			buildRules = (
			);
			dependencies = (
				52D602ED2B5D80DF006A6BE6 /* PBXTargetDependency */,
			);
			name = BambuserTestTests;
			productName = BambuserTestTests;
			productReference = 52D602EB2B5D80DF006A6BE6 /* BambuserTestTests.xctest */;
			productType = "com.apple.product-type.bundle.unit-test";
		};
		52D602F42B5D80DF006A6BE6 /* BambuserTestUITests */ = {
			isa = PBXNativeTarget;
			buildConfigurationList = 52D603052B5D80DF006A6BE6 /* Build configuration list for PBXNativeTarget "BambuserTestUITests" */;
			buildPhases = (
				52D602F12B5D80DF006A6BE6 /* Sources */,
				52D602F22B5D80DF006A6BE6 /* Frameworks */,
				52D602F32B5D80DF006A6BE6 /* Resources */,
			);
			buildRules = (
			);
			dependencies = (
				52D602F72B5D80DF006A6BE6 /* PBXTargetDependency */,
			);
			name = BambuserTestUITests;
			productName = BambuserTestUITests;
			productReference = 52D602F52B5D80DF006A6BE6 /* BambuserTestUITests.xctest */;
			productType = "com.apple.product-type.bundle.ui-testing";
		};
/* End PBXNativeTarget section */

/* Begin PBXProject section */
		52D602CD2B5D80DD006A6BE6 /* Project object */ = {
			isa = PBXProject;
			attributes = {
				BuildIndependentTargetsInParallel = 1;
				LastSwiftUpdateCheck = 1420;
				LastUpgradeCheck = 1420;
				TargetAttributes = {
					52D602D42B5D80DD006A6BE6 = {
						CreatedOnToolsVersion = 14.2;
					};
					52D602EA2B5D80DF006A6BE6 = {
						CreatedOnToolsVersion = 14.2;
						TestTargetID = 52D602D42B5D80DD006A6BE6;
					};
					52D602F42B5D80DF006A6BE6 = {
						CreatedOnToolsVersion = 14.2;
						TestTargetID = 52D602D42B5D80DD006A6BE6;
					};
				};
			};
			buildConfigurationList = 52D602D02B5D80DD006A6BE6 /* Build configuration list for PBXProject "BambuserTest" */;
			compatibilityVersion = "Xcode 14.0";
			developmentRegion = en;
			hasScannedForEncodings = 0;
			knownRegions = (
				en,
				Base,
			);
			mainGroup = 52D602CC2B5D80DD006A6BE6;
			productRefGroup = 52D602D62B5D80DD006A6BE6 /* Products */;
			projectDirPath = "";
			projectRoot = "";
			targets = (
				52D602D42B5D80DD006A6BE6 /* BambuserTest */,
				52D602EA2B5D80DF006A6BE6 /* BambuserTestTests */,
				52D602F42B5D80DF006A6BE6 /* BambuserTestUITests */,
			);
		};
/* End PBXProject section */

/* Begin PBXResourcesBuildPhase section */
		52D602D32B5D80DD006A6BE6 /* Resources */ = {
			isa = PBXResourcesBuildPhase;
			buildActionMask = 2147483647;
			files = (
				52D602E52B5D80DE006A6BE6 /* LaunchScreen.storyboard in Resources */,
				52D602E22B5D80DE006A6BE6 /* Assets.xcassets in Resources */,
				52D602E02B5D80DD006A6BE6 /* Main.storyboard in Resources */,
			);
			runOnlyForDeploymentPostprocessing = 0;
		};
		52D602E92B5D80DF006A6BE6 /* Resources */ = {
			isa = PBXResourcesBuildPhase;
			buildActionMask = 2147483647;
			files = (
			);
			runOnlyForDeploymentPostprocessing = 0;
		};
		52D602F32B5D80DF006A6BE6 /* Resources */ = {
			isa = PBXResourcesBuildPhase;
			buildActionMask = 2147483647;
			files = (
			);
			runOnlyForDeploymentPostprocessing = 0;
		};
/* End PBXResourcesBuildPhase section */

/* Begin PBXSourcesBuildPhase section */
		52D602D12B5D80DD006A6BE6 /* Sources */ = {
			isa = PBXSourcesBuildPhase;
			buildActionMask = 2147483647;
			files = (
				52D6032A2B5FBD15006A6BE6 /* BaseViewController.swift in Sources */,
				52D603192B5DB6A5006A6BE6 /* MovieTableViewCell.swift in Sources */,
				52D6030D2B5D925D006A6BE6 /* MovieService.swift in Sources */,
				52D6030B2B5D8F15006A6BE6 /* Popular.swift in Sources */,
				52D6030F2B5DA90A006A6BE6 /* MovieTableViewController.swift in Sources */,
				52D602D92B5D80DD006A6BE6 /* AppDelegate.swift in Sources */,
				52D603112B5DA95F006A6BE6 /* MovieDetailViewController.swift in Sources */,
				52D603092B5D8B0F006A6BE6 /* Movie.swift in Sources */,
				52D6031B2B5ECB22006A6BE6 /* UIImageView+loadImage.swift in Sources */,
				52D6031D2B5EDAC7006A6BE6 /* ConstantsAndUtilityFunctions.swift in Sources */,
				52D602DB2B5D80DD006A6BE6 /* SceneDelegate.swift in Sources */,
				52D603162B5DAA96006A6BE6 /* MovieAPIService.swift in Sources */,
				52D603132B5DA988006A6BE6 /* MoviePresenter.swift in Sources */,
			);
			runOnlyForDeploymentPostprocessing = 0;
		};
		52D602E72B5D80DF006A6BE6 /* Sources */ = {
			isa = PBXSourcesBuildPhase;
			buildActionMask = 2147483647;
			files = (
				52D6031F2B5EF38F006A6BE6 /* MockMovieService.swift in Sources */,
				52D603202B5EF3F1006A6BE6 /* Popular.swift in Sources */,
				52D603212B5EF6C1006A6BE6 /* Movie.swift in Sources */,
				52D602F02B5D80DF006A6BE6 /* MoviePresenterTests.swift in Sources */,
				52D603232B5EFAE3006A6BE6 /* ConstantsAndUtilityFunctions.swift in Sources */,
				52D603172B5DAA96006A6BE6 /* MovieAPIService.swift in Sources */,
				52D603142B5DA988006A6BE6 /* MoviePresenter.swift in Sources */,
				52D603222B5EFA7F006A6BE6 /* MovieService.swift in Sources */,
				52D603252B5F0533006A6BE6 /* UIImageView+loadImage.swift in Sources */,
			);
			runOnlyForDeploymentPostprocessing = 0;
		};
		52D602F12B5D80DF006A6BE6 /* Sources */ = {
			isa = PBXSourcesBuildPhase;
			buildActionMask = 2147483647;
			files = (
				52D602FA2B5D80DF006A6BE6 /* BambuserTestUITests.swift in Sources */,
				52D602FC2B5D80DF006A6BE6 /* BambuserTestUITestsLaunchTests.swift in Sources */,
			);
			runOnlyForDeploymentPostprocessing = 0;
		};
/* End PBXSourcesBuildPhase section */

/* Begin PBXTargetDependency section */
		52D602ED2B5D80DF006A6BE6 /* PBXTargetDependency */ = {
			isa = PBXTargetDependency;
			target = 52D602D42B5D80DD006A6BE6 /* BambuserTest */;
			targetProxy = 52D602EC2B5D80DF006A6BE6 /* PBXContainerItemProxy */;
		};
		52D602F72B5D80DF006A6BE6 /* PBXTargetDependency */ = {
			isa = PBXTargetDependency;
			target = 52D602D42B5D80DD006A6BE6 /* BambuserTest */;
			targetProxy = 52D602F62B5D80DF006A6BE6 /* PBXContainerItemProxy */;
		};
/* End PBXTargetDependency section */

/* Begin PBXVariantGroup section */
		52D602DE2B5D80DD006A6BE6 /* Main.storyboard */ = {
			isa = PBXVariantGroup;
			children = (
				52D602DF2B5D80DD006A6BE6 /* Base */,
			);
			name = Main.storyboard;
			sourceTree = "<group>";
		};
		52D602E32B5D80DE006A6BE6 /* LaunchScreen.storyboard */ = {
			isa = PBXVariantGroup;
			children = (
				52D602E42B5D80DE006A6BE6 /* Base */,
			);
			name = LaunchScreen.storyboard;
			sourceTree = "<group>";
		};
/* End PBXVariantGroup section */

/* Begin XCBuildConfiguration section */
		52D602FD2B5D80DF006A6BE6 /* Debug */ = {
			isa = XCBuildConfiguration;
			buildSettings = {
				ALWAYS_SEARCH_USER_PATHS = NO;
				CLANG_ANALYZER_NONNULL = YES;
				CLANG_ANALYZER_NUMBER_OBJECT_CONVERSION = YES_AGGRESSIVE;
				CLANG_CXX_LANGUAGE_STANDARD = "gnu++20";
				CLANG_ENABLE_MODULES = YES;
				CLANG_ENABLE_OBJC_ARC = YES;
				CLANG_ENABLE_OBJC_WEAK = YES;
				CLANG_WARN_BLOCK_CAPTURE_AUTORELEASING = YES;
				CLANG_WARN_BOOL_CONVERSION = YES;
				CLANG_WARN_COMMA = YES;
				CLANG_WARN_CONSTANT_CONVERSION = YES;
				CLANG_WARN_DEPRECATED_OBJC_IMPLEMENTATIONS = YES;
				CLANG_WARN_DIRECT_OBJC_ISA_USAGE = YES_ERROR;
				CLANG_WARN_DOCUMENTATION_COMMENTS = YES;
				CLANG_WARN_EMPTY_BODY = YES;
				CLANG_WARN_ENUM_CONVERSION = YES;
				CLANG_WARN_INFINITE_RECURSION = YES;
				CLANG_WARN_INT_CONVERSION = YES;
				CLANG_WARN_NON_LITERAL_NULL_CONVERSION = YES;
				CLANG_WARN_OBJC_IMPLICIT_RETAIN_SELF = YES;
				CLANG_WARN_OBJC_LITERAL_CONVERSION = YES;
				CLANG_WARN_OBJC_ROOT_CLASS = YES_ERROR;
				CLANG_WARN_QUOTED_INCLUDE_IN_FRAMEWORK_HEADER = YES;
				CLANG_WARN_RANGE_LOOP_ANALYSIS = YES;
				CLANG_WARN_STRICT_PROTOTYPES = YES;
				CLANG_WARN_SUSPICIOUS_MOVE = YES;
				CLANG_WARN_UNGUARDED_AVAILABILITY = YES_AGGRESSIVE;
				CLANG_WARN_UNREACHABLE_CODE = YES;
				CLANG_WARN__DUPLICATE_METHOD_MATCH = YES;
				COPY_PHASE_STRIP = NO;
				DEBUG_INFORMATION_FORMAT = dwarf;
				ENABLE_STRICT_OBJC_MSGSEND = YES;
				ENABLE_TESTABILITY = YES;
				GCC_C_LANGUAGE_STANDARD = gnu11;
				GCC_DYNAMIC_NO_PIC = NO;
				GCC_NO_COMMON_BLOCKS = YES;
				GCC_OPTIMIZATION_LEVEL = 0;
				GCC_PREPROCESSOR_DEFINITIONS = (
					"DEBUG=1",
					"$(inherited)",
				);
				GCC_WARN_64_TO_32_BIT_CONVERSION = YES;
				GCC_WARN_ABOUT_RETURN_TYPE = YES_ERROR;
				GCC_WARN_UNDECLARED_SELECTOR = YES;
				GCC_WARN_UNINITIALIZED_AUTOS = YES_AGGRESSIVE;
				GCC_WARN_UNUSED_FUNCTION = YES;
				GCC_WARN_UNUSED_VARIABLE = YES;
				IPHONEOS_DEPLOYMENT_TARGET = 16.2;
				MTL_ENABLE_DEBUG_INFO = INCLUDE_SOURCE;
				MTL_FAST_MATH = YES;
				ONLY_ACTIVE_ARCH = YES;
				SDKROOT = iphoneos;
				SWIFT_ACTIVE_COMPILATION_CONDITIONS = DEBUG;
				SWIFT_OPTIMIZATION_LEVEL = "-Onone";
			};
			name = Debug;
		};
		52D602FE2B5D80DF006A6BE6 /* Release */ = {
			isa = XCBuildConfiguration;
			buildSettings = {
				ALWAYS_SEARCH_USER_PATHS = NO;
				CLANG_ANALYZER_NONNULL = YES;
				CLANG_ANALYZER_NUMBER_OBJECT_CONVERSION = YES_AGGRESSIVE;
				CLANG_CXX_LANGUAGE_STANDARD = "gnu++20";
				CLANG_ENABLE_MODULES = YES;
				CLANG_ENABLE_OBJC_ARC = YES;
				CLANG_ENABLE_OBJC_WEAK = YES;
				CLANG_WARN_BLOCK_CAPTURE_AUTORELEASING = YES;
				CLANG_WARN_BOOL_CONVERSION = YES;
				CLANG_WARN_COMMA = YES;
				CLANG_WARN_CONSTANT_CONVERSION = YES;
				CLANG_WARN_DEPRECATED_OBJC_IMPLEMENTATIONS = YES;
				CLANG_WARN_DIRECT_OBJC_ISA_USAGE = YES_ERROR;
				CLANG_WARN_DOCUMENTATION_COMMENTS = YES;
				CLANG_WARN_EMPTY_BODY = YES;
				CLANG_WARN_ENUM_CONVERSION = YES;
				CLANG_WARN_INFINITE_RECURSION = YES;
				CLANG_WARN_INT_CONVERSION = YES;
				CLANG_WARN_NON_LITERAL_NULL_CONVERSION = YES;
				CLANG_WARN_OBJC_IMPLICIT_RETAIN_SELF = YES;
				CLANG_WARN_OBJC_LITERAL_CONVERSION = YES;
				CLANG_WARN_OBJC_ROOT_CLASS = YES_ERROR;
				CLANG_WARN_QUOTED_INCLUDE_IN_FRAMEWORK_HEADER = YES;
				CLANG_WARN_RANGE_LOOP_ANALYSIS = YES;
				CLANG_WARN_STRICT_PROTOTYPES = YES;
				CLANG_WARN_SUSPICIOUS_MOVE = YES;
				CLANG_WARN_UNGUARDED_AVAILABILITY = YES_AGGRESSIVE;
				CLANG_WARN_UNREACHABLE_CODE = YES;
				CLANG_WARN__DUPLICATE_METHOD_MATCH = YES;
				COPY_PHASE_STRIP = NO;
				DEBUG_INFORMATION_FORMAT = "dwarf-with-dsym";
				ENABLE_NS_ASSERTIONS = NO;
				ENABLE_STRICT_OBJC_MSGSEND = YES;
				GCC_C_LANGUAGE_STANDARD = gnu11;
				GCC_NO_COMMON_BLOCKS = YES;
				GCC_WARN_64_TO_32_BIT_CONVERSION = YES;
				GCC_WARN_ABOUT_RETURN_TYPE = YES_ERROR;
				GCC_WARN_UNDECLARED_SELECTOR = YES;
				GCC_WARN_UNINITIALIZED_AUTOS = YES_AGGRESSIVE;
				GCC_WARN_UNUSED_FUNCTION = YES;
				GCC_WARN_UNUSED_VARIABLE = YES;
				IPHONEOS_DEPLOYMENT_TARGET = 16.2;
				MTL_ENABLE_DEBUG_INFO = NO;
				MTL_FAST_MATH = YES;
				SDKROOT = iphoneos;
				SWIFT_COMPILATION_MODE = wholemodule;
				SWIFT_OPTIMIZATION_LEVEL = "-O";
				VALIDATE_PRODUCT = YES;
			};
			name = Release;
		};
		52D603002B5D80DF006A6BE6 /* Debug */ = {
			isa = XCBuildConfiguration;
			buildSettings = {
				ASSETCATALOG_COMPILER_APPICON_NAME = AppIcon;
				ASSETCATALOG_COMPILER_GLOBAL_ACCENT_COLOR_NAME = AccentColor;
				CODE_SIGN_STYLE = Automatic;
				CURRENT_PROJECT_VERSION = 1;
				GENERATE_INFOPLIST_FILE = YES;
				INFOPLIST_FILE = BambuserTest/Info.plist;
				INFOPLIST_KEY_UIApplicationSupportsIndirectInputEvents = YES;
				INFOPLIST_KEY_UILaunchStoryboardName = LaunchScreen;
				INFOPLIST_KEY_UIMainStoryboardFile = Main;
				INFOPLIST_KEY_UISupportedInterfaceOrientations = UIInterfaceOrientationPortrait;
				INFOPLIST_KEY_UISupportedInterfaceOrientations_iPad = "UIInterfaceOrientationLandscapeLeft UIInterfaceOrientationLandscapeRight UIInterfaceOrientationPortrait UIInterfaceOrientationPortraitUpsideDown";
				IPHONEOS_DEPLOYMENT_TARGET = 16.0;
				LD_RUNPATH_SEARCH_PATHS = (
					"$(inherited)",
					"@executable_path/Frameworks",
				);
				MARKETING_VERSION = 1.0;
				PRODUCT_BUNDLE_IDENTIFIER = com.bambuser.BambuserTest;
				PRODUCT_NAME = "$(TARGET_NAME)";
				SUPPORTED_PLATFORMS = "iphoneos iphonesimulator";
				SUPPORTS_MACCATALYST = NO;
				SUPPORTS_MAC_DESIGNED_FOR_IPHONE_IPAD = NO;
				SWIFT_EMIT_LOC_STRINGS = YES;
				SWIFT_VERSION = 5.0;
				TARGETED_DEVICE_FAMILY = 1;
			};
			name = Debug;
		};
		52D603012B5D80DF006A6BE6 /* Release */ = {
			isa = XCBuildConfiguration;
			buildSettings = {
				ASSETCATALOG_COMPILER_APPICON_NAME = AppIcon;
				ASSETCATALOG_COMPILER_GLOBAL_ACCENT_COLOR_NAME = AccentColor;
				CODE_SIGN_STYLE = Automatic;
				CURRENT_PROJECT_VERSION = 1;
				GENERATE_INFOPLIST_FILE = YES;
				INFOPLIST_FILE = BambuserTest/Info.plist;
				INFOPLIST_KEY_UIApplicationSupportsIndirectInputEvents = YES;
				INFOPLIST_KEY_UILaunchStoryboardName = LaunchScreen;
				INFOPLIST_KEY_UIMainStoryboardFile = Main;
				INFOPLIST_KEY_UISupportedInterfaceOrientations = UIInterfaceOrientationPortrait;
				INFOPLIST_KEY_UISupportedInterfaceOrientations_iPad = "UIInterfaceOrientationLandscapeLeft UIInterfaceOrientationLandscapeRight UIInterfaceOrientationPortrait UIInterfaceOrientationPortraitUpsideDown";
				IPHONEOS_DEPLOYMENT_TARGET = 16.0;
				LD_RUNPATH_SEARCH_PATHS = (
					"$(inherited)",
					"@executable_path/Frameworks",
				);
				MARKETING_VERSION = 1.0;
				PRODUCT_BUNDLE_IDENTIFIER = com.bambuser.BambuserTest;
				PRODUCT_NAME = "$(TARGET_NAME)";
				SUPPORTED_PLATFORMS = "iphoneos iphonesimulator";
				SUPPORTS_MACCATALYST = NO;
				SUPPORTS_MAC_DESIGNED_FOR_IPHONE_IPAD = NO;
				SWIFT_EMIT_LOC_STRINGS = YES;
				SWIFT_VERSION = 5.0;
				TARGETED_DEVICE_FAMILY = 1;
			};
			name = Release;
		};
		52D603032B5D80DF006A6BE6 /* Debug */ = {
			isa = XCBuildConfiguration;
			buildSettings = {
				ALWAYS_EMBED_SWIFT_STANDARD_LIBRARIES = YES;
				BUNDLE_LOADER = "$(TEST_HOST)";
				CODE_SIGN_STYLE = Automatic;
				CURRENT_PROJECT_VERSION = 1;
				GENERATE_INFOPLIST_FILE = YES;
				IPHONEOS_DEPLOYMENT_TARGET = 16.2;
				MARKETING_VERSION = 1.0;
				PRODUCT_BUNDLE_IDENTIFIER = com.bambuser.BambuserTestTests;
				PRODUCT_NAME = "$(TARGET_NAME)";
				SWIFT_EMIT_LOC_STRINGS = NO;
				SWIFT_VERSION = 5.0;
				TARGETED_DEVICE_FAMILY = "1,2";
				TEST_HOST = "$(BUILT_PRODUCTS_DIR)/BambuserTest.app/$(BUNDLE_EXECUTABLE_FOLDER_PATH)/BambuserTest";
			};
			name = Debug;
		};
		52D603042B5D80DF006A6BE6 /* Release */ = {
			isa = XCBuildConfiguration;
			buildSettings = {
				ALWAYS_EMBED_SWIFT_STANDARD_LIBRARIES = YES;
				BUNDLE_LOADER = "$(TEST_HOST)";
				CODE_SIGN_STYLE = Automatic;
				CURRENT_PROJECT_VERSION = 1;
				GENERATE_INFOPLIST_FILE = YES;
				IPHONEOS_DEPLOYMENT_TARGET = 16.2;
				MARKETING_VERSION = 1.0;
				PRODUCT_BUNDLE_IDENTIFIER = com.bambuser.BambuserTestTests;
				PRODUCT_NAME = "$(TARGET_NAME)";
				SWIFT_EMIT_LOC_STRINGS = NO;
				SWIFT_VERSION = 5.0;
				TARGETED_DEVICE_FAMILY = "1,2";
				TEST_HOST = "$(BUILT_PRODUCTS_DIR)/BambuserTest.app/$(BUNDLE_EXECUTABLE_FOLDER_PATH)/BambuserTest";
			};
			name = Release;
		};
		52D603062B5D80DF006A6BE6 /* Debug */ = {
			isa = XCBuildConfiguration;
			buildSettings = {
				ALWAYS_EMBED_SWIFT_STANDARD_LIBRARIES = YES;
				CODE_SIGN_STYLE = Automatic;
				CURRENT_PROJECT_VERSION = 1;
				GENERATE_INFOPLIST_FILE = YES;
				MARKETING_VERSION = 1.0;
				PRODUCT_BUNDLE_IDENTIFIER = com.bambuser.BambuserTestUITests;
				PRODUCT_NAME = "$(TARGET_NAME)";
				SWIFT_EMIT_LOC_STRINGS = NO;
				SWIFT_VERSION = 5.0;
				TARGETED_DEVICE_FAMILY = "1,2";
				TEST_TARGET_NAME = BambuserTest;
			};
			name = Debug;
		};
		52D603072B5D80DF006A6BE6 /* Release */ = {
			isa = XCBuildConfiguration;
			buildSettings = {
				ALWAYS_EMBED_SWIFT_STANDARD_LIBRARIES = YES;
				CODE_SIGN_STYLE = Automatic;
				CURRENT_PROJECT_VERSION = 1;
				GENERATE_INFOPLIST_FILE = YES;
				MARKETING_VERSION = 1.0;
				PRODUCT_BUNDLE_IDENTIFIER = com.bambuser.BambuserTestUITests;
				PRODUCT_NAME = "$(TARGET_NAME)";
				SWIFT_EMIT_LOC_STRINGS = NO;
				SWIFT_VERSION = 5.0;
				TARGETED_DEVICE_FAMILY = "1,2";
				TEST_TARGET_NAME = BambuserTest;
			};
			name = Release;
		};
/* End XCBuildConfiguration section */

/* Begin XCConfigurationList section */
		52D602D02B5D80DD006A6BE6 /* Build configuration list for PBXProject "BambuserTest" */ = {
			isa = XCConfigurationList;
			buildConfigurations = (
				52D602FD2B5D80DF006A6BE6 /* Debug */,
				52D602FE2B5D80DF006A6BE6 /* Release */,
			);
			defaultConfigurationIsVisible = 0;
			defaultConfigurationName = Release;
		};
		52D602FF2B5D80DF006A6BE6 /* Build configuration list for PBXNativeTarget "BambuserTest" */ = {
			isa = XCConfigurationList;
			buildConfigurations = (
				52D603002B5D80DF006A6BE6 /* Debug */,
				52D603012B5D80DF006A6BE6 /* Release */,
			);
			defaultConfigurationIsVisible = 0;
			defaultConfigurationName = Release;
		};
		52D603022B5D80DF006A6BE6 /* Build configuration list for PBXNativeTarget "BambuserTestTests" */ = {
			isa = XCConfigurationList;
			buildConfigurations = (
				52D603032B5D80DF006A6BE6 /* Debug */,
				52D603042B5D80DF006A6BE6 /* Release */,
			);
			defaultConfigurationIsVisible = 0;
			defaultConfigurationName = Release;
		};
		52D603052B5D80DF006A6BE6 /* Build configuration list for PBXNativeTarget "BambuserTestUITests" */ = {
			isa = XCConfigurationList;
			buildConfigurations = (
				52D603062B5D80DF006A6BE6 /* Debug */,
				52D603072B5D80DF006A6BE6 /* Release */,
			);
			defaultConfigurationIsVisible = 0;
			defaultConfigurationName = Release;
		};
/* End XCConfigurationList section */
	};
	rootObject = 52D602CD2B5D80DD006A6BE6 /* Project object */;
}
